
Microsoft Visual Studio Solution File, Format Version 12.00
# Visual Studio Version 17
VisualStudioVersion = 17.3.32804.467
MinimumVisualStudioVersion = 10.0.40219.1
Project("{FAE04EC0-301F-11D3-BF4B-00C04F79EFBC}") = "ConsoleApp3", "ConsoleApp3.csproj", "{FE02A08C-3618-4258-B060-509E65B7CDBB}"
EndProject
Project("{FAE04EC0-301F-11D3-BF4B-00C04F79EFBC}") = "TestProject1", "..\TestProject1\TestProject1.csproj", "{D2F20FD4-F652-42CB-9B33-CF17C54505B8}"
EndProject
Global
	GlobalSection(SolutionConfigurationPlatforms) = preSolution
		Debug|Any CPU = Debug|Any CPU
		Release|Any CPU = Release|Any CPU
	EndGlobalSection
	GlobalSection(ProjectConfigurationPlatforms) = postSolution
		{FE02A08C-3618-4258-B060-509E65B7CDBB}.Debug|Any CPU.ActiveCfg = Debug|Any CPU
		{FE02A08C-3618-4258-B060-509E65B7CDBB}.Debug|Any CPU.Build.0 = Debug|Any CPU
		{FE02A08C-3618-4258-B060-509E65B7CDBB}.Release|Any CPU.ActiveCfg = Release|Any CPU
		{FE02A08C-3618-4258-B060-509E65B7CDBB}.Release|Any CPU.Build.0 = Release|Any CPU
		{D2F20FD4-F652-42CB-9B33-CF17C54505B8}.Debug|Any CPU.ActiveCfg = Debug|Any CPU
		{D2F20FD4-F652-42CB-9B33-CF17C54505B8}.Debug|Any CPU.Build.0 = Debug|Any CPU
		{D2F20FD4-F652-42CB-9B33-CF17C54505B8}.Release|Any CPU.ActiveCfg = Release|Any CPU
		{D2F20FD4-F652-42CB-9B33-CF17C54505B8}.Release|Any CPU.Build.0 = Release|Any CPU
	EndGlobalSection
	GlobalSection(SolutionProperties) = preSolution
		HideSolutionNode = FALSE
	EndGlobalSection
	GlobalSection(ExtensibilityGlobals) = postSolution
		SolutionGuid = {66AD71DE-DB44-4F33-9B3F-8E8D7876F07C}
	EndGlobalSection
EndGlobal
